
Microsoft Visual Studio Solution File, Format Version 12.00
# Visual Studio Version 17
VisualStudioVersion = 17.14.36310.24 d17.14
MinimumVisualStudioVersion = 10.0.40219.1
Project("{FAE04EC0-301F-11D3-BF4B-00C04F79EFBC}") = "cms", "cms.csproj", "{0DACAF00-11C3-4C8A-9626-937D4D6A62B9}"
EndProject
Global
	GlobalSection(SolutionConfigurationPlatforms) = preSolution
		Debug|Any CPU = Debug|Any CPU
		Release|Any CPU = Release|Any CPU
	EndGlobalSection
	GlobalSection(ProjectConfigurationPlatforms) = postSolution
		{0DACAF00-11C3-4C8A-9626-937D4D6A62B9}.Debug|Any CPU.ActiveCfg = Debug|Any CPU
		{0DACAF00-11C3-4C8A-9626-937D4D6A62B9}.Debug|Any CPU.Build.0 = Debug|Any CPU
		{0DACAF00-11C3-4C8A-9626-937D4D6A62B9}.Release|Any CPU.ActiveCfg = Release|Any CPU
		{0DACAF00-11C3-4C8A-9626-937D4D6A62B9}.Release|Any CPU.Build.0 = Release|Any CPU
	EndGlobalSection
	GlobalSection(SolutionProperties) = preSolution
		HideSolutionNode = FALSE
	EndGlobalSection
	GlobalSection(ExtensibilityGlobals) = postSolution
		SolutionGuid = {7E456F7F-2848-4ED4-B051-CE1A9835431A}
	EndGlobalSection
EndGlobal
